{
  "nodes": {
    "audio-cpp": {
      "inputs": {
        "nixpkgs": [
          "gufo-engine",
          "nixpkgs"
        ]
      },
      "locked": {
        "lastModified": 1789940897,
        "narHash": "sha256-+9tVcd+0TkDxg7JRU7M06Lvm20sXEbuerm62uhm6JKA=",
        "owner": "0xShug0",
        "repo": "audio.cpp",
        "rev": "e3de8e3f3cbfac55ffa58df71426c41550a8598b",
        "type": "github"
      },
      "original": {
        "owner": "0xShug0",
        "repo": "audio.cpp",
        "type": "github"
      }
    },
    "gufo-engine": {
      "inputs": {
        "audio-cpp": "audio-cpp",
        "nixpkgs": "nixpkgs"
      },
      "locked": {
        "lastModified": 1790242149,
        "narHash": "sha256-jVFwLgbVLDQYlJa1OrKKrxxFWa95ZtfDgfn6khpxUGg=",
        "owner": "gufo-org",
        "repo": "gufo",
        "rev": "9cad13974cf6da0cd3674b4e0a88b14b7e4a2908",
        "type": "github"
      },
      "original": {
        "owner": "gufo-org",
        "repo": "gufo",
        "type": "github"
      }
    },
    "nixpkgs": {
      "locked": {
        "lastModified": 1786384358,
        "narHash": "sha256-RzPPiWeUtuvymnpuEWsdtzli5w4kjZs49FqEs3/1u+I=",
        "owner": "NixOS",
        "repo": "nixpkgs",
        "rev": "2fcb964de67fcf60b43471c55d5d99e61a9ccb5a",
        "type": "github"
      },
      "original": {
        "owner": "NixOS",
        "ref": "nixos-unstable",
        "repo": "nixpkgs",
        "type": "github"
      }
    },
    "nixpkgs_2": {
      "locked": {
        "lastModified": 1787498568,
        "narHash": "sha256-9i/VTdusq/+NM/tz+J1Re+ojkMB8MBf0QshnYfzHz30=",
        "owner": "NixOS",
        "repo": "nixpkgs",
        "rev": "56c02bc00adcf003215cc4bd996d6efaf4cff188",
        "type": "github"
      },
      "original": {
        "owner": "NixOS",
        "ref": "nixos-unstable",
        "repo": "nixpkgs",
        "type": "github"
      }
    },
    "root": {
      "inputs": {
        "gufo-engine": "gufo-engine",
        "nixpkgs": "nixpkgs_2"
      }
    }
  },
  "root": "root",
  "version": 7
}
