{
  "nodes": {
    "audio-cpp": {
      "inputs": {
        "nixpkgs": [
          "gufo-engine",
          "nixpkgs"
        ]
      },
      "locked": {
        "lastModified": 1789940897,
        "narHash": "sha256-+9tVcd+0TkDxg7JRU7M06Lvm20sXEbuerm62uhm6JKA=",
        "owner": "0xShug0",
        "repo": "audio.cpp",
        "rev": "e3de8e3f3cbfac55ffa58df71426c41550a8598b",
        "type": "github"
      },
      "original": {
        "owner": "0xShug0",
        "repo": "audio.cpp",
        "type": "github"
      }
    },
    "gufo-engine": {
      "inputs": {
        "audio-cpp": "audio-cpp",
        "nixpkgs": "nixpkgs"
      },
      "locked": {
        "lastModified": 1791628558,
        "narHash": "sha256-CbjBa35M+qX8Q1ZHvFRTqw3Nx6cl+3iSchnZG88kyaU=",
        "owner": "gufo-org",
        "repo": "gufo",
        "rev": "7e4621c37079ab1bc62c1fd07ca03c37b85831cc",
        "type": "github"
      },
      "original": {
        "owner": "gufo-org",
        "repo": "gufo",
        "type": "github"
      }
    },
    "nixpkgs": {
      "locked": {
        "lastModified": 1786384358,
        "narHash": "sha256-RzPPiWeUtuvymnpuEWsdtzli5w4kjZs49FqEs3/1u+I=",
        "owner": "NixOS",
        "repo": "nixpkgs",
        "rev": "2fcb964de67fcf60b43471c55d5d99e61a9ccb5a",
        "type": "github"
      },
      "original": {
        "owner": "NixOS",
        "ref": "nixos-unstable",
        "repo": "nixpkgs",
        "type": "github"
      }
    },
    "root": {
      "inputs": {
        "gufo-engine": "gufo-engine",
        "nixpkgs": [
          "gufo-engine",
          "nixpkgs"
        ]
      }
    }
  },
  "root": "root",
  "version": 7
}
